Microsoft Visual Studio Solution File, Format Version 12.00
# Visual Studio 2012
Project("{FAE04EC0-301F-11D3-BF4B-00C04F79EFBC}") = "fm", "fm.csproj", "{68E69BAD-D180-4D59-B81E-C6491583025D}"
EndProject
Global
	GlobalSection(SolutionConfigurationPlatforms) = preSolution
	Debug|Any CPU = Debug|Any CPU
	ExportDebug|Any CPU = ExportDebug|Any CPU
	ExportRelease|Any CPU = ExportRelease|Any CPU
	EndGlobalSection
	GlobalSection(ProjectConfigurationPlatforms) = postSolution
		{68E69BAD-D180-4D59-B81E-C6491583025D}.Debug|Any CPU.ActiveCfg = Debug|Any CPU
		{68E69BAD-D180-4D59-B81E-C6491583025D}.Debug|Any CPU.Build.0 = Debug|Any CPU
		{68E69BAD-D180-4D59-B81E-C6491583025D}.ExportDebug|Any CPU.ActiveCfg = ExportDebug|Any CPU
		{68E69BAD-D180-4D59-B81E-C6491583025D}.ExportDebug|Any CPU.Build.0 = ExportDebug|Any CPU
		{68E69BAD-D180-4D59-B81E-C6491583025D}.ExportRelease|Any CPU.ActiveCfg = ExportRelease|Any CPU
		{68E69BAD-D180-4D59-B81E-C6491583025D}.ExportRelease|Any CPU.Build.0 = ExportRelease|Any CPU
	EndGlobalSection
EndGlobal
